// !$*UTF8*$!
{
	archiveVersion = 1;
	classes = {
	};
	objectVersion = 46;
	objects = {

/* Begin PBXBuildFile section */
		46FF4EBD1A72DA0300350F09 /* AppDelegate.swift in Sources */ = {isa = PBXBuildFile; fileRef = 46FF4EBC1A72DA0300350F09 /* AppDelegate.swift */; };
		46FF4EBF1A72DA0300350F09 /* ViewController.swift in Sources */ = {isa = PBXBuildFile; fileRef = 46FF4EBE1A72DA0300350F09 /* ViewController.swift */; };
		46FF4EC21A72DA0300350F09 /* Main.storyboard in Resources */ = {isa = PBXBuildFile; fileRef = 46FF4EC01A72DA0300350F09 /* Main.storyboard */; };
		46FF4EC41A72DA0300350F09 /* Images.xcassets in Resources */ = {isa = PBXBuildFile; fileRef = 46FF4EC31A72DA0300350F09 /* Images.xcassets */; };
		46FF4EC71A72DA0300350F09 /* LaunchScreen.xib in Resources */ = {isa = PBXBuildFile; fileRef = 46FF4EC51A72DA0300350F09 /* LaunchScreen.xib */; };
		862A47721C194AFC00DEC179 /* DishDetailsViewController.swift in Sources */ = {isa = PBXBuildFile; fileRef = 862A47711C194AFC00DEC179 /* DishDetailsViewController.swift */; };
		869F2ED81C19061200DA0AC4 /* TableViewCell.swift in Sources */ = {isa = PBXBuildFile; fileRef = 869F2ED71C19061200DA0AC4 /* TableViewCell.swift */; };
		E07DBBBED9E8CAF7F608838F /* Pods_PhotoPicker.framework in Frameworks */ = {isa = PBXBuildFile; fileRef = BE15B8FF753E58AABF13466A /* Pods_PhotoPicker.framework */; };
		F85BCE3E1C17E66200104C7F /* tessdata in Resources */ = {isa = PBXBuildFile; fileRef = F85BCE3D1C17E66200104C7F /* tessdata */; };
/* End PBXBuildFile section */

/* Begin PBXFileReference section */
		46FF4EB71A72DA0300350F09 /* PhotoPicker.app */ = {isa = PBXFileReference; explicitFileType = wrapper.application; includeInIndex = 0; path = PhotoPicker.app; sourceTree = BUILT_PRODUCTS_DIR; };
		46FF4EBB1A72DA0300350F09 /* Info.plist */ = {isa = PBXFileReference; lastKnownFileType = text.plist.xml; path = Info.plist; sourceTree = "<group>"; };
		46FF4EBC1A72DA0300350F09 /* AppDelegate.swift */ = {isa = PBXFileReference; lastKnownFileType = sourcecode.swift; path = AppDelegate.swift; sourceTree = "<group>"; };
		46FF4EBE1A72DA0300350F09 /* ViewController.swift */ = {isa = PBXFileReference; lastKnownFileType = sourcecode.swift; path = ViewController.swift; sourceTree = "<group>"; };
		46FF4EC11A72DA0300350F09 /* Base */ = {isa = PBXFileReference; lastKnownFileType = file.storyboard; name = Base; path = Base.lproj/Main.storyboard; sourceTree = "<group>"; };
		46FF4EC31A72DA0300350F09 /* Images.xcassets */ = {isa = PBXFileReference; lastKnownFileType = folder.assetcatalog; path = Images.xcassets; sourceTree = "<group>"; };
		46FF4EC61A72DA0300350F09 /* Base */ = {isa = PBXFileReference; lastKnownFileType = file.xib; name = Base; path = Base.lproj/LaunchScreen.xib; sourceTree = "<group>"; };
		69D7C7D3B06690B12318887C /* Pods-PhotoPicker.release.xcconfig */ = {isa = PBXFileReference; includeInIndex = 1; lastKnownFileType = text.xcconfig; name = "Pods-PhotoPicker.release.xcconfig"; path = "Pods/Target Support Files/Pods-PhotoPicker/Pods-PhotoPicker.release.xcconfig"; sourceTree = "<group>"; };
		862A47711C194AFC00DEC179 /* DishDetailsViewController.swift */ = {isa = PBXFileReference; fileEncoding = 4; lastKnownFileType = sourcecode.swift; path = DishDetailsViewController.swift; sourceTree = "<group>"; };
		869F2ED71C19061200DA0AC4 /* TableViewCell.swift */ = {isa = PBXFileReference; fileEncoding = 4; lastKnownFileType = sourcecode.swift; path = TableViewCell.swift; sourceTree = "<group>"; };
		BE15B8FF753E58AABF13466A /* Pods_PhotoPicker.framework */ = {isa = PBXFileReference; explicitFileType = wrapper.framework; includeInIndex = 0; path = Pods_PhotoPicker.framework; sourceTree = BUILT_PRODUCTS_DIR; };
		E5B68B827C6D76DF9EC44E2A /* Pods-PhotoPicker.debug.xcconfig */ = {isa = PBXFileReference; includeInIndex = 1; lastKnownFileType = text.xcconfig; name = "Pods-PhotoPicker.debug.xcconfig"; path = "Pods/Target Support Files/Pods-PhotoPicker/Pods-PhotoPicker.debug.xcconfig"; sourceTree = "<group>"; };
		F85BCE3D1C17E66200104C7F /* tessdata */ = {isa = PBXFileReference; lastKnownFileType = folder; path = tessdata; sourceTree = "<group>"; };
/* End PBXFileReference section */

/* Begin PBXFrameworksBuildPhase section */
		46FF4EB41A72DA0300350F09 /* Frameworks */ = {
			isa = PBXFrameworksBuildPhase;
			buildActionMask = 2147483647;
			files = (
				E07DBBBED9E8CAF7F608838F /* Pods_PhotoPicker.framework in Frameworks */,
			);
			runOnlyForDeploymentPostprocessing = 0;
		};
/* End PBXFrameworksBuildPhase section */

/* Begin PBXGroup section */
		46FF4EAE1A72DA0300350F09 = {
			isa = PBXGroup;
			children = (
				46FF4EB91A72DA0300350F09 /* PhotoPicker */,
				46FF4EB81A72DA0300350F09 /* Products */,
				EDEFB63C1F36E1F846612D38 /* Pods */,
				F499E745F674C681616C4CD8 /* Frameworks */,
			);
			sourceTree = "<group>";
		};
		46FF4EB81A72DA0300350F09 /* Products */ = {
			isa = PBXGroup;
			children = (
				46FF4EB71A72DA0300350F09 /* PhotoPicker.app */,
			);
			name = Products;
			sourceTree = "<group>";
		};
		46FF4EB91A72DA0300350F09 /* PhotoPicker */ = {
			isa = PBXGroup;
			children = (
				F85BCE3D1C17E66200104C7F /* tessdata */,
				46FF4EBC1A72DA0300350F09 /* AppDelegate.swift */,
				46FF4EBE1A72DA0300350F09 /* ViewController.swift */,
				46FF4EC01A72DA0300350F09 /* Main.storyboard */,
				869F2ED71C19061200DA0AC4 /* TableViewCell.swift */,
				46FF4EC31A72DA0300350F09 /* Images.xcassets */,
				46FF4EC51A72DA0300350F09 /* LaunchScreen.xib */,
				46FF4EBA1A72DA0300350F09 /* Supporting Files */,
				862A47711C194AFC00DEC179 /* DishDetailsViewController.swift */,
			);
			path = PhotoPicker;
			sourceTree = "<group>";
		};
		46FF4EBA1A72DA0300350F09 /* Supporting Files */ = {
			isa = PBXGroup;
			children = (
				46FF4EBB1A72DA0300350F09 /* Info.plist */,
			);
			name = "Supporting Files";
			sourceTree = "<group>";
		};
		EDEFB63C1F36E1F846612D38 /* Pods */ = {
			isa = PBXGroup;
			children = (
				E5B68B827C6D76DF9EC44E2A /* Pods-PhotoPicker.debug.xcconfig */,
				69D7C7D3B06690B12318887C /* Pods-PhotoPicker.release.xcconfig */,
			);
			name = Pods;
			sourceTree = "<group>";
		};
		F499E745F674C681616C4CD8 /* Frameworks */ = {
			isa = PBXGroup;
			children = (
				BE15B8FF753E58AABF13466A /* Pods_PhotoPicker.framework */,
			);
			name = Frameworks;
			sourceTree = "<group>";
		};
/* End PBXGroup section */

/* Begin PBXNativeTarget section */
		46FF4EB61A72DA0300350F09 /* PhotoPicker */ = {
			isa = PBXNativeTarget;
			buildConfigurationList = 46FF4ED61A72DA0300350F09 /* Build configuration list for PBXNativeTarget "PhotoPicker" */;
			buildPhases = (
				031D2F5B50FC45B3FE9D8BFD /* Check Pods Manifest.lock */,
				46FF4EB31A72DA0300350F09 /* Sources */,
				46FF4EB41A72DA0300350F09 /* Frameworks */,
				46FF4EB51A72DA0300350F09 /* Resources */,
				1AAAA159B66B7A558A0A2A0B /* Embed Pods Frameworks */,
				65AD6A50F1145A1A0644B439 /* Copy Pods Resources */,
			);
			buildRules = (
			);
			dependencies = (
			);
			name = PhotoPicker;
			productName = PhotoPicker;
			productReference = 46FF4EB71A72DA0300350F09 /* PhotoPicker.app */;
			productType = "com.apple.product-type.application";
		};
/* End PBXNativeTarget section */

/* Begin PBXProject section */
		46FF4EAF1A72DA0300350F09 /* Project object */ = {
			isa = PBXProject;
			attributes = {
				LastSwiftMigration = 0700;
				LastSwiftUpdateCheck = 0700;
				LastUpgradeCheck = 0610;
				ORGANIZATIONNAME = "Russell Austin";
				TargetAttributes = {
					46FF4EB61A72DA0300350F09 = {
						CreatedOnToolsVersion = 6.1.1;
						DevelopmentTeam = 6NFS3QF8P3;
					};
				};
			};
			buildConfigurationList = 46FF4EB21A72DA0300350F09 /* Build configuration list for PBXProject "PhotoPicker" */;
			compatibilityVersion = "Xcode 3.2";
			developmentRegion = English;
			hasScannedForEncodings = 0;
			knownRegions = (
				en,
				Base,
			);
			mainGroup = 46FF4EAE1A72DA0300350F09;
			productRefGroup = 46FF4EB81A72DA0300350F09 /* Products */;
			projectDirPath = "";
			projectRoot = "";
			targets = (
				46FF4EB61A72DA0300350F09 /* PhotoPicker */,
			);
		};
/* End PBXProject section */

/* Begin PBXResourcesBuildPhase section */
		46FF4EB51A72DA0300350F09 /* Resources */ = {
			isa = PBXResourcesBuildPhase;
			buildActionMask = 2147483647;
			files = (
				46FF4EC21A72DA0300350F09 /* Main.storyboard in Resources */,
				F85BCE3E1C17E66200104C7F /* tessdata in Resources */,
				46FF4EC71A72DA0300350F09 /* LaunchScreen.xib in Resources */,
				46FF4EC41A72DA0300350F09 /* Images.xcassets in Resources */,
			);
			runOnlyForDeploymentPostprocessing = 0;
		};
/* End PBXResourcesBuildPhase section */

/* Begin PBXShellScriptBuildPhase section */
		031D2F5B50FC45B3FE9D8BFD /* Check Pods Manifest.lock */ = {
			isa = PBXShellScriptBuildPhase;
			buildActionMask = 2147483647;
			files = (
			);
			inputPaths = (
			);
			name = "Check Pods Manifest.lock";
			outputPaths = (
			);
			runOnlyForDeploymentPostprocessing = 0;
			shellPath = /bin/sh;
			shellScript = "diff \"${PODS_ROOT}/../Podfile.lock\" \"${PODS_ROOT}/Manifest.lock\" > /dev/null\nif [[ $? != 0 ]] ; then\n    cat << EOM\nerror: The sandbox is not in sync with the Podfile.lock. Run 'pod install' or update your CocoaPods installation.\nEOM\n    exit 1\nfi\n";
			showEnvVarsInLog = 0;
		};
		1AAAA159B66B7A558A0A2A0B /* Embed Pods Frameworks */ = {
			isa = PBXShellScriptBuildPhase;
			buildActionMask = 2147483647;
			files = (
			);
			inputPaths = (
			);
			name = "Embed Pods Frameworks";
			outputPaths = (
			);
			runOnlyForDeploymentPostprocessing = 0;
			shellPath = /bin/sh;
			shellScript = "\"${SRCROOT}/Pods/Target Support Files/Pods-PhotoPicker/Pods-PhotoPicker-frameworks.sh\"\n";
			showEnvVarsInLog = 0;
		};
		65AD6A50F1145A1A0644B439 /* Copy Pods Resources */ = {
			isa = PBXShellScriptBuildPhase;
			buildActionMask = 2147483647;
			files = (
			);
			inputPaths = (
			);
			name = "Copy Pods Resources";
			outputPaths = (
			);
			runOnlyForDeploymentPostprocessing = 0;
			shellPath = /bin/sh;
			shellScript = "\"${SRCROOT}/Pods/Target Support Files/Pods-PhotoPicker/Pods-PhotoPicker-resources.sh\"\n";
			showEnvVarsInLog = 0;
		};
/* End PBXShellScriptBuildPhase section */

/* Begin PBXSourcesBuildPhase section */
		46FF4EB31A72DA0300350F09 /* Sources */ = {
			isa = PBXSourcesBuildPhase;
			buildActionMask = 2147483647;
			files = (
				862A47721C194AFC00DEC179 /* DishDetailsViewController.swift in Sources */,
				869F2ED81C19061200DA0AC4 /* TableViewCell.swift in Sources */,
				46FF4EBF1A72DA0300350F09 /* ViewController.swift in Sources */,
				46FF4EBD1A72DA0300350F09 /* AppDelegate.swift in Sources */,
			);
			runOnlyForDeploymentPostprocessing = 0;
		};
/* End PBXSourcesBuildPhase section */

/* Begin PBXVariantGroup section */
		46FF4EC01A72DA0300350F09 /* Main.storyboard */ = {
			isa = PBXVariantGroup;
			children = (
				46FF4EC11A72DA0300350F09 /* Base */,
			);
			name = Main.storyboard;
			sourceTree = "<group>";
		};
		46FF4EC51A72DA0300350F09 /* LaunchScreen.xib */ = {
			isa = PBXVariantGroup;
			children = (
				46FF4EC61A72DA0300350F09 /* Base */,
			);
			name = LaunchScreen.xib;
			sourceTree = "<group>";
		};
/* End PBXVariantGroup section */

/* Begin XCBuildConfiguration section */
		46FF4ED41A72DA0300350F09 /* Debug */ = {
			isa = XCBuildConfiguration;
			buildSettings = {
				ALWAYS_SEARCH_USER_PATHS = NO;
				CLANG_CXX_LANGUAGE_STANDARD = "gnu++0x";
				CLANG_CXX_LIBRARY = "libc++";
				CLANG_ENABLE_MODULES = YES;
				CLANG_ENABLE_OBJC_ARC = YES;
				CLANG_WARN_BOOL_CONVERSION = YES;
				CLANG_WARN_CONSTANT_CONVERSION = YES;
				CLANG_WARN_DIRECT_OBJC_ISA_USAGE = YES_ERROR;
				CLANG_WARN_EMPTY_BODY = YES;
				CLANG_WARN_ENUM_CONVERSION = YES;
				CLANG_WARN_INT_CONVERSION = YES;
				CLANG_WARN_OBJC_ROOT_CLASS = YES_ERROR;
				CLANG_WARN_UNREACHABLE_CODE = YES;
				CLANG_WARN__DUPLICATE_METHOD_MATCH = YES;
				"CODE_SIGN_IDENTITY[sdk=iphoneos*]" = "iPhone Developer";
				COPY_PHASE_STRIP = NO;
				ENABLE_STRICT_OBJC_MSGSEND = YES;
				GCC_C_LANGUAGE_STANDARD = gnu99;
				GCC_DYNAMIC_NO_PIC = NO;
				GCC_OPTIMIZATION_LEVEL = 0;
				GCC_PREPROCESSOR_DEFINITIONS = (
					"DEBUG=1",
					"$(inherited)",
				);
				GCC_SYMBOLS_PRIVATE_EXTERN = NO;
				GCC_WARN_64_TO_32_BIT_CONVERSION = YES;
				GCC_WARN_ABOUT_RETURN_TYPE = YES_ERROR;
				GCC_WARN_UNDECLARED_SELECTOR = YES;
				GCC_WARN_UNINITIALIZED_AUTOS = YES_AGGRESSIVE;
				GCC_WARN_UNUSED_FUNCTION = YES;
				GCC_WARN_UNUSED_VARIABLE = YES;
				IPHONEOS_DEPLOYMENT_TARGET = 8.1;
				MTL_ENABLE_DEBUG_INFO = YES;
				ONLY_ACTIVE_ARCH = YES;
				SDKROOT = iphoneos;
				SWIFT_OPTIMIZATION_LEVEL = "-Onone";
			};
			name = Debug;
		};
		46FF4ED51A72DA0300350F09 /* Release */ = {
			isa = XCBuildConfiguration;
			buildSettings = {
				ALWAYS_SEARCH_USER_PATHS = NO;
				CLANG_CXX_LANGUAGE_STANDARD = "gnu++0x";
				CLANG_CXX_LIBRARY = "libc++";
				CLANG_ENABLE_MODULES = YES;
				CLANG_ENABLE_OBJC_ARC = YES;
				CLANG_WARN_BOOL_CONVERSION = YES;
				CLANG_WARN_CONSTANT_CONVERSION = YES;
				CLANG_WARN_DIRECT_OBJC_ISA_USAGE = YES_ERROR;
				CLANG_WARN_EMPTY_BODY = YES;
				CLANG_WARN_ENUM_CONVERSION = YES;
				CLANG_WARN_INT_CONVERSION = YES;
				CLANG_WARN_OBJC_ROOT_CLASS = YES_ERROR;
				CLANG_WARN_UNREACHABLE_CODE = YES;
				CLANG_WARN__DUPLICATE_METHOD_MATCH = YES;
				"CODE_SIGN_IDENTITY[sdk=iphoneos*]" = "iPhone Developer";
				COPY_PHASE_STRIP = YES;
				ENABLE_NS_ASSERTIONS = NO;
				ENABLE_STRICT_OBJC_MSGSEND = YES;
				GCC_C_LANGUAGE_STANDARD = gnu99;
				GCC_WARN_64_TO_32_BIT_CONVERSION = YES;
				GCC_WARN_ABOUT_RETURN_TYPE = YES_ERROR;
				GCC_WARN_UNDECLARED_SELECTOR = YES;
				GCC_WARN_UNINITIALIZED_AUTOS = YES_AGGRESSIVE;
				GCC_WARN_UNUSED_FUNCTION = YES;
				GCC_WARN_UNUSED_VARIABLE = YES;
				IPHONEOS_DEPLOYMENT_TARGET = 8.1;
				MTL_ENABLE_DEBUG_INFO = NO;
				SDKROOT = iphoneos;
				VALIDATE_PRODUCT = YES;
			};
			name = Release;
		};
		46FF4ED71A72DA0300350F09 /* Debug */ = {
			isa = XCBuildConfiguration;
			baseConfigurationReference = E5B68B827C6D76DF9EC44E2A /* Pods-PhotoPicker.debug.xcconfig */;
			buildSettings = {
				ASSETCATALOG_COMPILER_APPICON_NAME = AppIcon;
				CODE_SIGN_IDENTITY = "iPhone Developer";
				"CODE_SIGN_IDENTITY[sdk=iphoneos*]" = "iPhone Developer";
				INFOPLIST_FILE = PhotoPicker/Info.plist;
				LD_RUNPATH_SEARCH_PATHS = "$(inherited) @executable_path/Frameworks";
				PRODUCT_NAME = "$(TARGET_NAME)";
				PROVISIONING_PROFILE = "";
			};
			name = Debug;
		};
		46FF4ED81A72DA0300350F09 /* Release */ = {
			isa = XCBuildConfiguration;
			baseConfigurationReference = 69D7C7D3B06690B12318887C /* Pods-PhotoPicker.release.xcconfig */;
			buildSettings = {
				ASSETCATALOG_COMPILER_APPICON_NAME = AppIcon;
				CODE_SIGN_IDENTITY = "iPhone Developer";
				"CODE_SIGN_IDENTITY[sdk=iphoneos*]" = "iPhone Developer";
				INFOPLIST_FILE = PhotoPicker/Info.plist;
				LD_RUNPATH_SEARCH_PATHS = "$(inherited) @executable_path/Frameworks";
				PRODUCT_NAME = "$(TARGET_NAME)";
				PROVISIONING_PROFILE = "";
			};
			name = Release;
		};
/* End XCBuildConfiguration section */

/* Begin XCConfigurationList section */
		46FF4EB21A72DA0300350F09 /* Build configuration list for PBXProject "PhotoPicker" */ = {
			isa = XCConfigurationList;
			buildConfigurations = (
				46FF4ED41A72DA0300350F09 /* Debug */,
				46FF4ED51A72DA0300350F09 /* Release */,
			);
			defaultConfigurationIsVisible = 0;
			defaultConfigurationName = Release;
		};
		46FF4ED61A72DA0300350F09 /* Build configuration list for PBXNativeTarget "PhotoPicker" */ = {
			isa = XCConfigurationList;
			buildConfigurations = (
				46FF4ED71A72DA0300350F09 /* Debug */,
				46FF4ED81A72DA0300350F09 /* Release */,
			);
			defaultConfigurationIsVisible = 0;
			defaultConfigurationName = Release;
		};
/* End XCConfigurationList section */
	};
	rootObject = 46FF4EAF1A72DA0300350F09 /* Project object */;
}
